
Microsoft Visual Studio Solution File, Format Version 12.00
# Visual Studio Version 17
VisualStudioVersion = 17.9.34723.18
MinimumVisualStudioVersion = 10.0.40219.1
Project("{FAE04EC0-301F-11D3-BF4B-00C04F79EFBC}") = "E-Commerce", "E-Commerce\E-Commerce.csproj", "{67308C3E-27C8-466F-9ABA-C692BF1AEA6A}"
EndProject
Global
	GlobalSection(SolutionConfigurationPlatforms) = preSolution
		Debug|Any CPU = Debug|Any CPU
		Release|Any CPU = Release|Any CPU
	EndGlobalSection
	GlobalSection(ProjectConfigurationPlatforms) = postSolution
		{67308C3E-27C8-466F-9ABA-C692BF1AEA6A}.Debug|Any CPU.ActiveCfg = Debug|Any CPU
		{67308C3E-27C8-466F-9ABA-C692BF1AEA6A}.Debug|Any CPU.Build.0 = Debug|Any CPU
		{67308C3E-27C8-466F-9ABA-C692BF1AEA6A}.Release|Any CPU.ActiveCfg = Release|Any CPU
		{67308C3E-27C8-466F-9ABA-C692BF1AEA6A}.Release|Any CPU.Build.0 = Release|Any CPU
	EndGlobalSection
	GlobalSection(SolutionProperties) = preSolution
		HideSolutionNode = FALSE
	EndGlobalSection
	GlobalSection(ExtensibilityGlobals) = postSolution
		SolutionGuid = {E42CBE1B-9F91-45CE-BB0A-85605108A0C2}
	EndGlobalSection
EndGlobal
